
Microsoft Visual Studio Solution File, Format Version 12.00
# Visual Studio Version 17
VisualStudioVersion = 17.8.34511.84
MinimumVisualStudioVersion = 10.0.40219.1
Project("{FAE04EC0-301F-11D3-BF4B-00C04F79EFBC}") = "WebAppmoviesAPI", "WebAppmoviesAPI\WebAppmoviesAPI.csproj", "{CF024A5D-AA32-4479-A944-9AF25FA8C73D}"
EndProject
Global
	GlobalSection(SolutionConfigurationPlatforms) = preSolution
		Debug|Any CPU = Debug|Any CPU
		Release|Any CPU = Release|Any CPU
	EndGlobalSection
	GlobalSection(ProjectConfigurationPlatforms) = postSolution
		{CF024A5D-AA32-4479-A944-9AF25FA8C73D}.Debug|Any CPU.ActiveCfg = Debug|Any CPU
		{CF024A5D-AA32-4479-A944-9AF25FA8C73D}.Debug|Any CPU.Build.0 = Debug|Any CPU
		{CF024A5D-AA32-4479-A944-9AF25FA8C73D}.Release|Any CPU.ActiveCfg = Release|Any CPU
		{CF024A5D-AA32-4479-A944-9AF25FA8C73D}.Release|Any CPU.Build.0 = Release|Any CPU
	EndGlobalSection
	GlobalSection(SolutionProperties) = preSolution
		HideSolutionNode = FALSE
	EndGlobalSection
	GlobalSection(ExtensibilityGlobals) = postSolution
		SolutionGuid = {867D9F96-D5C3-4974-9801-669299F159C0}
	EndGlobalSection
EndGlobal
